{
  "nodes": {
    "nixpkgs": {
      "locked": {
        "lastModified": 1732376681,
        "narHash": "sha256-WcoTQmjZ2qr4z0bU99vC1oPwqUw9Cp5gvqQ0fpuW4zw=",
        "owner": "NixOS",
        "repo": "nixpkgs",
        "rev": "154cb424a87a0f17e641c016b93980174dfc1c6a",
        "type": "github"
      },
      "original": {
        "id": "nixpkgs",
        "ref": "release-24.11",
        "type": "indirect"
      }
    },
    "root": {
      "inputs": {
        "nixpkgs": "nixpkgs"
      }
    }
  },
  "root": "root",
  "version": 7
}
