{
  "nodes": {
    "nixpkgs": {
      "locked": {
        "lastModified": 1732288106,
        "narHash": "sha256-TFbFcXSiOX6OJY65BNuSTTuOMhmSL3dCB14kp4mI1Ys=",
        "owner": "NixOS",
        "repo": "nixpkgs",
        "rev": "cde2b08af0b6ba9f6ea285b4ad7606f6894cf2c2",
        "type": "github"
      },
      "original": {
        "id": "nixpkgs",
        "ref": "release-24.11",
        "type": "indirect"
      }
    },
    "root": {
      "inputs": {
        "nixpkgs": "nixpkgs"
      }
    }
  },
  "root": "root",
  "version": 7
}
