{
  "nodes": {
    "nixpkgs": {
      "locked": {
        "lastModified": 1732208839,
        "narHash": "sha256-uaOOvf3J4lw0b9SqbGvmbpsNWkLba/UPuIDQChMFASY=",
        "owner": "NixOS",
        "repo": "nixpkgs",
        "rev": "94832940e214a5e21423376a96bf1798c2667348",
        "type": "github"
      },
      "original": {
        "id": "nixpkgs",
        "ref": "release-24.11",
        "type": "indirect"
      }
    },
    "root": {
      "inputs": {
        "nixpkgs": "nixpkgs"
      }
    }
  },
  "root": "root",
  "version": 7
}
