{
  "nodes": {
    "glf": {
      "inputs": {
        "nixpkgs": "nixpkgs",
        "utils": "utils"
      },
      "locked": {
        "lastModified": 1738233763,
        "narHash": "sha256-4iwn2FbFb6/exy266pT/GoEQRtHiTH8augj+hUgOSiE=",
        "owner": "Gaming-Linux-FR",
        "repo": "GLF-OS",
        "rev": "d16444a343db1d0d880657b37b80e62fc2b8811c",
        "type": "github"
      },
      "original": {
        "owner": "Gaming-Linux-FR",
        "ref": "main",
        "repo": "GLF-OS",
        "type": "github"
      }
    },
    "nixpkgs": {
      "locked": {
        "lastModified": 1738023785,
        "narHash": "sha256-BPHmb3fUwdHkonHyHi1+x89eXB3kA1jffIpwPVJIVys=",
        "owner": "NixOS",
        "repo": "nixpkgs",
        "rev": "2b4230bf03deb33103947e2528cac2ed516c5c89",
        "type": "github"
      },
      "original": {
        "owner": "NixOS",
        "ref": "nixos-24.11",
        "repo": "nixpkgs",
        "type": "github"
      }
    },
    "nixpkgs_2": {
      "locked": {
        "lastModified": 1738163270,
        "narHash": "sha256-B/7Y1v4y+msFFBW1JAdFjNvVthvNdJKiN6EGRPnqfno=",
        "owner": "nixos",
        "repo": "nixpkgs",
        "rev": "59e618d90c065f55ae48446f307e8c09565d5ab0",
        "type": "github"
      },
      "original": {
        "owner": "nixos",
        "ref": "nixos-24.11",
        "repo": "nixpkgs",
        "type": "github"
      }
    },
    "root": {
      "inputs": {
        "glf": "glf",
        "nixpkgs": "nixpkgs_2"
      }
    },
    "systems": {
      "locked": {
        "lastModified": 1681028828,
        "narHash": "sha256-Vy1rq5AaRuLzOxct8nz4T6wlgyUR7zLU309k9mBC768=",
        "owner": "nix-systems",
        "repo": "default",
        "rev": "da67096a3b9bf56a91d16901293e51ba5b49a27e",
        "type": "github"
      },
      "original": {
        "owner": "nix-systems",
        "repo": "default",
        "type": "github"
      }
    },
    "utils": {
      "inputs": {
        "systems": "systems"
      },
      "locked": {
        "lastModified": 1731533236,
        "narHash": "sha256-l0KFg5HjrsfsO/JpG+r7fRrqm12kzFHyUHqHCVpMMbI=",
        "owner": "numtide",
        "repo": "flake-utils",
        "rev": "11707dc2f618dd54ca8739b309ec4fc024de578b",
        "type": "github"
      },
      "original": {
        "owner": "numtide",
        "repo": "flake-utils",
        "type": "github"
      }
    }
  },
  "root": "root",
  "version": 7
}
